
Microsoft Visual Studio Solution File, Format Version 12.00
# Visual Studio Version 17
VisualStudioVersion = 17.7.34202.233
MinimumVisualStudioVersion = 10.0.40219.1
Project("{8BC9CEB8-8B4A-11D0-8D11-00A0C91BC942}") = "tickets", "tickets.vcxproj", "{4CDD4D7A-1E30-4D58-9238-62A754F995D3}"
EndProject
Global
	GlobalSection(SolutionConfigurationPlatforms) = preSolution
		Debug|x64 = Debug|x64
		Debug|x86 = Debug|x86
		Release|x64 = Release|x64
		Release|x86 = Release|x86
	EndGlobalSection
	GlobalSection(ProjectConfigurationPlatforms) = postSolution
		{4CDD4D7A-1E30-4D58-9238-62A754F995D3}.Debug|x64.ActiveCfg = Debug|x64
		{4CDD4D7A-1E30-4D58-9238-62A754F995D3}.Debug|x64.Build.0 = Debug|x64
		{4CDD4D7A-1E30-4D58-9238-62A754F995D3}.Debug|x86.ActiveCfg = Debug|Win32
		{4CDD4D7A-1E30-4D58-9238-62A754F995D3}.Debug|x86.Build.0 = Debug|Win32
		{4CDD4D7A-1E30-4D58-9238-62A754F995D3}.Release|x64.ActiveCfg = Release|x64
		{4CDD4D7A-1E30-4D58-9238-62A754F995D3}.Release|x64.Build.0 = Release|x64
		{4CDD4D7A-1E30-4D58-9238-62A754F995D3}.Release|x86.ActiveCfg = Release|Win32
		{4CDD4D7A-1E30-4D58-9238-62A754F995D3}.Release|x86.Build.0 = Release|Win32
	EndGlobalSection
	GlobalSection(SolutionProperties) = preSolution
		HideSolutionNode = FALSE
	EndGlobalSection
	GlobalSection(ExtensibilityGlobals) = postSolution
		SolutionGuid = {B3D22828-B3C4-4B24-9D9C-0FC9C687E41E}
	EndGlobalSection
EndGlobal
